
Microsoft Visual Studio Solution File, Format Version 12.00
# Visual Studio Version 17
VisualStudioVersion = 17.8.34330.188
MinimumVisualStudioVersion = 10.0.40219.1
Project("{FAE04EC0-301F-11D3-BF4B-00C04F79EFBC}") = "BlazorSignalRApp", "BlazorSignalRApp\BlazorSignalRApp.csproj", "{CD0B7CAA-9621-4DFB-9D18-DF686D54EA06}"
EndProject
Project("{FAE04EC0-301F-11D3-BF4B-00C04F79EFBC}") = "BlazorSignalRApp.Client", "BlazorSignalRApp.Client\BlazorSignalRApp.Client.csproj", "{FA5FFF40-BF5E-4A94-92C4-7617975FC0A5}"
EndProject
Global
	GlobalSection(SolutionConfigurationPlatforms) = preSolution
		Debug|Any CPU = Debug|Any CPU
		Release|Any CPU = Release|Any CPU
	EndGlobalSection
	GlobalSection(ProjectConfigurationPlatforms) = postSolution
		{CD0B7CAA-9621-4DFB-9D18-DF686D54EA06}.Debug|Any CPU.ActiveCfg = Debug|Any CPU
		{CD0B7CAA-9621-4DFB-9D18-DF686D54EA06}.Debug|Any CPU.Build.0 = Debug|Any CPU
		{CD0B7CAA-9621-4DFB-9D18-DF686D54EA06}.Release|Any CPU.ActiveCfg = Release|Any CPU
		{CD0B7CAA-9621-4DFB-9D18-DF686D54EA06}.Release|Any CPU.Build.0 = Release|Any CPU
		{FA5FFF40-BF5E-4A94-92C4-7617975FC0A5}.Debug|Any CPU.ActiveCfg = Debug|Any CPU
		{FA5FFF40-BF5E-4A94-92C4-7617975FC0A5}.Debug|Any CPU.Build.0 = Debug|Any CPU
		{FA5FFF40-BF5E-4A94-92C4-7617975FC0A5}.Release|Any CPU.ActiveCfg = Release|Any CPU
		{FA5FFF40-BF5E-4A94-92C4-7617975FC0A5}.Release|Any CPU.Build.0 = Release|Any CPU
	EndGlobalSection
	GlobalSection(SolutionProperties) = preSolution
		HideSolutionNode = FALSE
	EndGlobalSection
	GlobalSection(ExtensibilityGlobals) = postSolution
		SolutionGuid = {0915BA6E-5120-4337-85DA-4A8BA518F472}
	EndGlobalSection
EndGlobal
